
Microsoft Visual Studio Solution File, Format Version 12.00
Project("{FAE04EC0-301F-11D3-BF4B-00C04F79EFBC}") = "SignatureLib", "SignatureLib.csproj", "{3AF4A1D6-CAE3-4428-BC8A-9C31744CC69A}"
EndProject
Global
	GlobalSection(SolutionConfigurationPlatforms) = preSolution
		Debug|Any CPU = Debug|Any CPU
		ExportDebug|Any CPU = ExportDebug|Any CPU
		ExportRelease|Any CPU = ExportRelease|Any CPU
	EndGlobalSection
	GlobalSection(ProjectConfigurationPlatforms) = postSolution
		{3AF4A1D6-CAE3-4428-BC8A-9C31744CC69A}.Debug|Any CPU.ActiveCfg = Debug|Any CPU
		{3AF4A1D6-CAE3-4428-BC8A-9C31744CC69A}.Debug|Any CPU.Build.0 = Debug|Any CPU
		{3AF4A1D6-CAE3-4428-BC8A-9C31744CC69A}.ExportDebug|Any CPU.ActiveCfg = ExportDebug|Any CPU
		{3AF4A1D6-CAE3-4428-BC8A-9C31744CC69A}.ExportDebug|Any CPU.Build.0 = ExportDebug|Any CPU
		{3AF4A1D6-CAE3-4428-BC8A-9C31744CC69A}.ExportRelease|Any CPU.ActiveCfg = ExportRelease|Any CPU
		{3AF4A1D6-CAE3-4428-BC8A-9C31744CC69A}.ExportRelease|Any CPU.Build.0 = ExportRelease|Any CPU
	EndGlobalSection
EndGlobal
